
Microsoft Visual Studio Solution File, Format Version 12.00
# Visual Studio Version 16
VisualStudioVersion = 16.0.32106.194
MinimumVisualStudioVersion = 10.0.40219.1
Project("{FAE04EC0-301F-11D3-BF4B-00C04F79EFBC}") = "N3", "N3\N3.csproj", "{36D81674-03A2-43D2-883F-61311325AF7A}"
EndProject
Global
	GlobalSection(SolutionConfigurationPlatforms) = preSolution
		Debug|Any CPU = Debug|Any CPU
		Release|Any CPU = Release|Any CPU
	EndGlobalSection
	GlobalSection(ProjectConfigurationPlatforms) = postSolution
		{36D81674-03A2-43D2-883F-61311325AF7A}.Debug|Any CPU.ActiveCfg = Debug|Any CPU
		{36D81674-03A2-43D2-883F-61311325AF7A}.Debug|Any CPU.Build.0 = Debug|Any CPU
		{36D81674-03A2-43D2-883F-61311325AF7A}.Release|Any CPU.ActiveCfg = Release|Any CPU
		{36D81674-03A2-43D2-883F-61311325AF7A}.Release|Any CPU.Build.0 = Release|Any CPU
	EndGlobalSection
	GlobalSection(SolutionProperties) = preSolution
		HideSolutionNode = FALSE
	EndGlobalSection
	GlobalSection(ExtensibilityGlobals) = postSolution
		SolutionGuid = {58D79979-CC43-4BB0-8259-530467A62724}
	EndGlobalSection
EndGlobal
